{
  "requires": true,
  "lockfileVersion": 1,
  "dependencies": {
    "@angular/animations": {
      "version": "4.0.0",
      "resolved": "https://registry.npmjs.org/@angular/animations/-/animations-4.0.0.tgz",
      "integrity": "sha1-9u+2fKPzgW0tvxm49XA3Hy0gXtw="
    },
    "web-animations-js": {
      "version": "2.3.1",
      "resolved": "https://registry.npmjs.org/web-animations-js/-/web-animations-js-2.3.1.tgz",
      "integrity": "sha1-Om2bwVGWN3qQ+OKAP6UmIWWwRRA="
    }
  }
}
